{
  "name": "migratingcancelemail",
  "version": "1.0.0",
  "lockfileVersion": 1,
  "requires": true,
  "dependencies": {
    "@types/dotenv": {
      "version": "6.1.1",
      "resolved": "https://registry.npmjs.org/@types/dotenv/-/dotenv-6.1.1.tgz",
      "integrity": "sha512-ftQl3DtBvqHl9L16tpqqzA4YzCSXZfi7g8cQceTz5rOlYtk/IZbFjAv3mLOQlNIgOaylCQWQoBdDQHPgEBJPHg==",
      "dev": true,
      "requires": {
        "@types/node": "*"
      }
    },
    "@types/node": {
      "version": "12.0.10",
      "resolved": "https://registry.npmjs.org/@types/node/-/node-12.0.10.tgz",
      "integrity": "sha512-LcsGbPomWsad6wmMNv7nBLw7YYYyfdYcz6xryKYQhx89c3XXan+8Q6AJ43G5XDIaklaVkK3mE4fCb0SBvMiPSQ==",
      "dev": true
    },
    "@types/node-fetch": {
      "version": "2.3.7",
      "resolved": "https://registry.npmjs.org/@types/node-fetch/-/node-fetch-2.3.7.tgz",
      "integrity": "sha512-+bKtuxhj/TYSSP1r4CZhfmyA0vm/aDRQNo7vbAgf6/cZajn0SAniGGST07yvI4Q+q169WTa2/x9gEHfJrkcALw==",
      "dev": true,
      "requires": {
        "@types/node": "*"
      }
    },
    "dotenv": {
      "version": "8.0.0",
      "resolved": "https://registry.npmjs.org/dotenv/-/dotenv-8.0.0.tgz",
      "integrity": "sha512-30xVGqjLjiUOArT4+M5q9sYdvuR4riM6yK9wMcas9Vbp6zZa+ocC9dp6QoftuhTPhFAiLK/0C5Ni2nou/Bk8lg=="
    },
    "immutable": {
      "version": "4.0.0-rc.12",
      "resolved": "https://registry.npmjs.org/immutable/-/immutable-4.0.0-rc.12.tgz",
      "integrity": "sha512-0M2XxkZLx/mi3t8NVwIm1g8nHoEmM9p9UBl/G9k4+hm0kBgOVdMV/B3CY5dQ8qG8qc80NN4gDV4HQv6FTJ5q7A=="
    },
    "node-fetch": {
      "version": "2.6.1",
      "resolved": "https://registry.npmjs.org/node-fetch/-/node-fetch-2.6.1.tgz",
      "integrity": "sha512-V4aYg89jEoVRxRb2fJdAg8FHvI7cEyYdVAh94HH0UIK8oJxUfkjlDQN9RbMx+bEjP7+ggMiFRprSti032Oipxw=="
    },
    "typescript": {
      "version": "3.5.2",
      "resolved": "https://registry.npmjs.org/typescript/-/typescript-3.5.2.tgz",
      "integrity": "sha512-7KxJovlYhTX5RaRbUdkAXN1KUZ8PwWlTzQdHV6xNqvuFOs7+WBo10TQUqT19Q/Jz2hk5v9TQDIhyLhhJY4p5AA==",
      "dev": true
    }
  }
}
